{
  "name": "scorton-cli",
  "version": "1.0.0",
  "lockfileVersion": 3,
  "requires": true,
  "packages": {
    "": {
      "name": "scorton-cli",
      "version": "1.0.0",
      "hasInstallScript": true,
      "license": "MIT",
      "os": [
        "darwin",
        "linux",
        "win32"
      ],
      "bin": {
        "scorton": "bin/scorton"
      },
      "engines": {
        "node": ">=14.0.0",
        "python": ">=3.7.0"
      }
    }
  }
}
